// !$*UTF8*$!
{
	archiveVersion = 1;
	classes = {
	};
	objectVersion = 50;
	objects = {

/* Begin PBXBuildFile section */
		F850E2E1219971CD00DFBC6F /* AppDelegate.m in Sources */ = {isa = PBXBuildFile; fileRef = F850E2E0219971CD00DFBC6F /* AppDelegate.m */; };
		F850E2E4219971CD00DFBC6F /* ViewController.m in Sources */ = {isa = PBXBuildFile; fileRef = F850E2E3219971CD00DFBC6F /* ViewController.m */; };
		F850E2E7219971CD00DFBC6F /* Main.storyboard in Resources */ = {isa = PBXBuildFile; fileRef = F850E2E5219971CD00DFBC6F /* Main.storyboard */; };
		F850E2EA219971CD00DFBC6F /* test_03.xcdatamodeld in Sources */ = {isa = PBXBuildFile; fileRef = F850E2E8219971CD00DFBC6F /* test_03.xcdatamodeld */; };
		F850E2EC219971CE00DFBC6F /* Assets.xcassets in Resources */ = {isa = PBXBuildFile; fileRef = F850E2EB219971CE00DFBC6F /* Assets.xcassets */; };
		F850E2EF219971CE00DFBC6F /* LaunchScreen.storyboard in Resources */ = {isa = PBXBuildFile; fileRef = F850E2ED219971CE00DFBC6F /* LaunchScreen.storyboard */; };
		F850E2F2219971CE00DFBC6F /* main.m in Sources */ = {isa = PBXBuildFile; fileRef = F850E2F1219971CE00DFBC6F /* main.m */; };
/* End PBXBuildFile section */

/* Begin PBXFileReference section */
		F850E2DC219971CD00DFBC6F /* test_03.app */ = {isa = PBXFileReference; explicitFileType = wrapper.application; includeInIndex = 0; path = test_03.app; sourceTree = BUILT_PRODUCTS_DIR; };
		F850E2DF219971CD00DFBC6F /* AppDelegate.h */ = {isa = PBXFileReference; lastKnownFileType = sourcecode.c.h; path = AppDelegate.h; sourceTree = "<group>"; };
		F850E2E0219971CD00DFBC6F /* AppDelegate.m */ = {isa = PBXFileReference; lastKnownFileType = sourcecode.c.objc; path = AppDelegate.m; sourceTree = "<group>"; };
		F850E2E2219971CD00DFBC6F /* ViewController.h */ = {isa = PBXFileReference; lastKnownFileType = sourcecode.c.h; path = ViewController.h; sourceTree = "<group>"; };
		F850E2E3219971CD00DFBC6F /* ViewController.m */ = {isa = PBXFileReference; lastKnownFileType = sourcecode.c.objc; path = ViewController.m; sourceTree = "<group>"; };
		F850E2E6219971CD00DFBC6F /* Base */ = {isa = PBXFileReference; lastKnownFileType = file.storyboard; name = Base; path = Base.lproj/Main.storyboard; sourceTree = "<group>"; };
		F850E2E9219971CD00DFBC6F /* test_03.xcdatamodel */ = {isa = PBXFileReference; lastKnownFileType = wrapper.xcdatamodel; path = test_03.xcdatamodel; sourceTree = "<group>"; };
		F850E2EB219971CE00DFBC6F /* Assets.xcassets */ = {isa = PBXFileReference; lastKnownFileType = folder.assetcatalog; path = Assets.xcassets; sourceTree = "<group>"; };
		F850E2EE219971CE00DFBC6F /* Base */ = {isa = PBXFileReference; lastKnownFileType = file.storyboard; name = Base; path = Base.lproj/LaunchScreen.storyboard; sourceTree = "<group>"; };
		F850E2F0219971CE00DFBC6F /* Info.plist */ = {isa = PBXFileReference; lastKnownFileType = text.plist.xml; path = Info.plist; sourceTree = "<group>"; };
		F850E2F1219971CE00DFBC6F /* main.m */ = {isa = PBXFileReference; lastKnownFileType = sourcecode.c.objc; path = main.m; sourceTree = "<group>"; };
/* End PBXFileReference section */

/* Begin PBXFrameworksBuildPhase section */
		F850E2D9219971CD00DFBC6F /* Frameworks */ = {
			isa = PBXFrameworksBuildPhase;
			buildActionMask = 2147483647;
			files = (
			);
			runOnlyForDeploymentPostprocessing = 0;
		};
/* End PBXFrameworksBuildPhase section */

/* Begin PBXGroup section */
		F850E2D3219971CD00DFBC6F = {
			isa = PBXGroup;
			children = (
				F850E2DE219971CD00DFBC6F /* test_03 */,
				F850E2DD219971CD00DFBC6F /* Products */,
			);
			sourceTree = "<group>";
		};
		F850E2DD219971CD00DFBC6F /* Products */ = {
			isa = PBXGroup;
			children = (
				F850E2DC219971CD00DFBC6F /* test_03.app */,
			);
			name = Products;
			sourceTree = "<group>";
		};
		F850E2DE219971CD00DFBC6F /* test_03 */ = {
			isa = PBXGroup;
			children = (
				F850E2DF219971CD00DFBC6F /* AppDelegate.h */,
				F850E2E0219971CD00DFBC6F /* AppDelegate.m */,
				F850E2E2219971CD00DFBC6F /* ViewController.h */,
				F850E2E3219971CD00DFBC6F /* ViewController.m */,
				F850E2E5219971CD00DFBC6F /* Main.storyboard */,
				F850E2EB219971CE00DFBC6F /* Assets.xcassets */,
				F850E2ED219971CE00DFBC6F /* LaunchScreen.storyboard */,
				F850E2F0219971CE00DFBC6F /* Info.plist */,
				F850E2F1219971CE00DFBC6F /* main.m */,
				F850E2E8219971CD00DFBC6F /* test_03.xcdatamodeld */,
			);
			path = test_03;
			sourceTree = "<group>";
		};
/* End PBXGroup section */

/* Begin PBXNativeTarget section */
		F850E2DB219971CD00DFBC6F /* test_03 */ = {
			isa = PBXNativeTarget;
			buildConfigurationList = F850E2F5219971CE00DFBC6F /* Build configuration list for PBXNativeTarget "test_03" */;
			buildPhases = (
				F850E2D8219971CD00DFBC6F /* Sources */,
				F850E2D9219971CD00DFBC6F /* Frameworks */,
				F850E2DA219971CD00DFBC6F /* Resources */,
			);
			buildRules = (
			);
			dependencies = (
			);
			name = test_03;
			productName = test_03;
			productReference = F850E2DC219971CD00DFBC6F /* test_03.app */;
			productType = "com.apple.product-type.application";
		};
/* End PBXNativeTarget section */

/* Begin PBXProject section */
		F850E2D4219971CD00DFBC6F /* Project object */ = {
			isa = PBXProject;
			attributes = {
				LastUpgradeCheck = 1010;
				ORGANIZATIONNAME = zhangrx;
				TargetAttributes = {
					F850E2DB219971CD00DFBC6F = {
						CreatedOnToolsVersion = 10.1;
					};
				};
			};
			buildConfigurationList = F850E2D7219971CD00DFBC6F /* Build configuration list for PBXProject "test_03" */;
			compatibilityVersion = "Xcode 9.3";
			developmentRegion = en;
			hasScannedForEncodings = 0;
			knownRegions = (
				en,
				Base,
			);
			mainGroup = F850E2D3219971CD00DFBC6F;
			productRefGroup = F850E2DD219971CD00DFBC6F /* Products */;
			projectDirPath = "";
			projectRoot = "";
			targets = (
				F850E2DB219971CD00DFBC6F /* test_03 */,
			);
		};
/* End PBXProject section */

/* Begin PBXResourcesBuildPhase section */
		F850E2DA219971CD00DFBC6F /* Resources */ = {
			isa = PBXResourcesBuildPhase;
			buildActionMask = 2147483647;
			files = (
				F850E2EF219971CE00DFBC6F /* LaunchScreen.storyboard in Resources */,
				F850E2EC219971CE00DFBC6F /* Assets.xcassets in Resources */,
				F850E2E7219971CD00DFBC6F /* Main.storyboard in Resources */,
			);
			runOnlyForDeploymentPostprocessing = 0;
		};
/* End PBXResourcesBuildPhase section */

/* Begin PBXSourcesBuildPhase section */
		F850E2D8219971CD00DFBC6F /* Sources */ = {
			isa = PBXSourcesBuildPhase;
			buildActionMask = 2147483647;
			files = (
				F850E2EA219971CD00DFBC6F /* test_03.xcdatamodeld in Sources */,
				F850E2E4219971CD00DFBC6F /* ViewController.m in Sources */,
				F850E2F2219971CE00DFBC6F /* main.m in Sources */,
				F850E2E1219971CD00DFBC6F /* AppDelegate.m in Sources */,
			);
			runOnlyForDeploymentPostprocessing = 0;
		};
/* End PBXSourcesBuildPhase section */

/* Begin PBXVariantGroup section */
		F850E2E5219971CD00DFBC6F /* Main.storyboard */ = {
			isa = PBXVariantGroup;
			children = (
				F850E2E6219971CD00DFBC6F /* Base */,
			);
			name = Main.storyboard;
			sourceTree = "<group>";
		};
		F850E2ED219971CE00DFBC6F /* LaunchScreen.storyboard */ = {
			isa = PBXVariantGroup;
			children = (
				F850E2EE219971CE00DFBC6F /* Base */,
			);
			name = LaunchScreen.storyboard;
			sourceTree = "<group>";
		};
/* End PBXVariantGroup section */

/* Begin XCBuildConfiguration section */
		F850E2F3219971CE00DFBC6F /* Debug */ = {
			isa = XCBuildConfiguration;
			buildSettings = {
				ALWAYS_SEARCH_USER_PATHS = NO;
				CLANG_ANALYZER_NONNULL = YES;
				CLANG_ANALYZER_NUMBER_OBJECT_CONVERSION = YES_AGGRESSIVE;
				CLANG_CXX_LANGUAGE_STANDARD = "gnu++14";
				CLANG_CXX_LIBRARY = "libc++";
				CLANG_ENABLE_MODULES = YES;
				CLANG_ENABLE_OBJC_ARC = YES;
				CLANG_ENABLE_OBJC_WEAK = YES;
				CLANG_WARN_BLOCK_CAPTURE_AUTORELEASING = YES;
				CLANG_WARN_BOOL_CONVERSION = YES;
				CLANG_WARN_COMMA = YES;
				CLANG_WARN_CONSTANT_CONVERSION = YES;
				CLANG_WARN_DEPRECATED_OBJC_IMPLEMENTATIONS = YES;
				CLANG_WARN_DIRECT_OBJC_ISA_USAGE = YES_ERROR;
				CLANG_WARN_DOCUMENTATION_COMMENTS = YES;
				CLANG_WARN_EMPTY_BODY = YES;
				CLANG_WARN_ENUM_CONVERSION = YES;
				CLANG_WARN_INFINITE_RECURSION = YES;
				CLANG_WARN_INT_CONVERSION = YES;
				CLANG_WARN_NON_LITERAL_NULL_CONVERSION = YES;
				CLANG_WARN_OBJC_IMPLICIT_RETAIN_SELF = YES;
				CLANG_WARN_OBJC_LITERAL_CONVERSION = YES;
				CLANG_WARN_OBJC_ROOT_CLASS = YES_ERROR;
				CLANG_WARN_RANGE_LOOP_ANALYSIS = YES;
				CLANG_WARN_STRICT_PROTOTYPES = YES;
				CLANG_WARN_SUSPICIOUS_MOVE = YES;
				CLANG_WARN_UNGUARDED_AVAILABILITY = YES_AGGRESSIVE;
				CLANG_WARN_UNREACHABLE_CODE = YES;
				CLANG_WARN__DUPLICATE_METHOD_MATCH = YES;
				CODE_SIGN_IDENTITY = "iPhone Developer";
				COPY_PHASE_STRIP = NO;
				DEBUG_INFORMATION_FORMAT = dwarf;
				ENABLE_STRICT_OBJC_MSGSEND = YES;
				ENABLE_TESTABILITY = YES;
				GCC_C_LANGUAGE_STANDARD = gnu11;
				GCC_DYNAMIC_NO_PIC = NO;
				GCC_NO_COMMON_BLOCKS = YES;
				GCC_OPTIMIZATION_LEVEL = 0;
				GCC_PREPROCESSOR_DEFINITIONS = (
					"DEBUG=1",
					"$(inherited)",
				);
				GCC_WARN_64_TO_32_BIT_CONVERSION = YES;
				GCC_WARN_ABOUT_RETURN_TYPE = YES_ERROR;
				GCC_WARN_UNDECLARED_SELECTOR = YES;
				GCC_WARN_UNINITIALIZED_AUTOS = YES_AGGRESSIVE;
				GCC_WARN_UNUSED_FUNCTION = YES;
				GCC_WARN_UNUSED_VARIABLE = YES;
				IPHONEOS_DEPLOYMENT_TARGET = 12.1;
				MTL_ENABLE_DEBUG_INFO = INCLUDE_SOURCE;
				MTL_FAST_MATH = YES;
				ONLY_ACTIVE_ARCH = YES;
				SDKROOT = iphoneos;
			};
			name = Debug;
		};
		F850E2F4219971CE00DFBC6F /* Release */ = {
			isa = XCBuildConfiguration;
			buildSettings = {
				ALWAYS_SEARCH_USER_PATHS = NO;
				CLANG_ANALYZER_NONNULL = YES;
				CLANG_ANALYZER_NUMBER_OBJECT_CONVERSION = YES_AGGRESSIVE;
				CLANG_CXX_LANGUAGE_STANDARD = "gnu++14";
				CLANG_CXX_LIBRARY = "libc++";
				CLANG_ENABLE_MODULES = YES;
				CLANG_ENABLE_OBJC_ARC = YES;
				CLANG_ENABLE_OBJC_WEAK = YES;
				CLANG_WARN_BLOCK_CAPTURE_AUTORELEASING = YES;
				CLANG_WARN_BOOL_CONVERSION = YES;
				CLANG_WARN_COMMA = YES;
				CLANG_WARN_CONSTANT_CONVERSION = YES;
				CLANG_WARN_DEPRECATED_OBJC_IMPLEMENTATIONS = YES;
				CLANG_WARN_DIRECT_OBJC_ISA_USAGE = YES_ERROR;
				CLANG_WARN_DOCUMENTATION_COMMENTS = YES;
				CLANG_WARN_EMPTY_BODY = YES;
				CLANG_WARN_ENUM_CONVERSION = YES;
				CLANG_WARN_INFINITE_RECURSION = YES;
				CLANG_WARN_INT_CONVERSION = YES;
				CLANG_WARN_NON_LITERAL_NULL_CONVERSION = YES;
				CLANG_WARN_OBJC_IMPLICIT_RETAIN_SELF = YES;
				CLANG_WARN_OBJC_LITERAL_CONVERSION = YES;
				CLANG_WARN_OBJC_ROOT_CLASS = YES_ERROR;
				CLANG_WARN_RANGE_LOOP_ANALYSIS = YES;
				CLANG_WARN_STRICT_PROTOTYPES = YES;
				CLANG_WARN_SUSPICIOUS_MOVE = YES;
				CLANG_WARN_UNGUARDED_AVAILABILITY = YES_AGGRESSIVE;
				CLANG_WARN_UNREACHABLE_CODE = YES;
				CLANG_WARN__DUPLICATE_METHOD_MATCH = YES;
				CODE_SIGN_IDENTITY = "iPhone Developer";
				COPY_PHASE_STRIP = NO;
				DEBUG_INFORMATION_FORMAT = "dwarf-with-dsym";
				ENABLE_NS_ASSERTIONS = NO;
				ENABLE_STRICT_OBJC_MSGSEND = YES;
				GCC_C_LANGUAGE_STANDARD = gnu11;
				GCC_NO_COMMON_BLOCKS = YES;
				GCC_WARN_64_TO_32_BIT_CONVERSION = YES;
				GCC_WARN_ABOUT_RETURN_TYPE = YES_ERROR;
				GCC_WARN_UNDECLARED_SELECTOR = YES;
				GCC_WARN_UNINITIALIZED_AUTOS = YES_AGGRESSIVE;
				GCC_WARN_UNUSED_FUNCTION = YES;
				GCC_WARN_UNUSED_VARIABLE = YES;
				IPHONEOS_DEPLOYMENT_TARGET = 12.1;
				MTL_ENABLE_DEBUG_INFO = NO;
				MTL_FAST_MATH = YES;
				SDKROOT = iphoneos;
				VALIDATE_PRODUCT = YES;
			};
			name = Release;
		};
		F850E2F6219971CE00DFBC6F /* Debug */ = {
			isa = XCBuildConfiguration;
			buildSettings = {
				ASSETCATALOG_COMPILER_APPICON_NAME = AppIcon;
				CODE_SIGN_STYLE = Automatic;
				DEVELOPMENT_TEAM = 98W524S443;
				INFOPLIST_FILE = test_03/Info.plist;
				LD_RUNPATH_SEARCH_PATHS = (
					"$(inherited)",
					"@executable_path/Frameworks",
				);
				PRODUCT_BUNDLE_IDENTIFIER = "rui.test-03";
				PRODUCT_NAME = "$(TARGET_NAME)";
				TARGETED_DEVICE_FAMILY = "1,2";
			};
			name = Debug;
		};
		F850E2F7219971CE00DFBC6F /* Release */ = {
			isa = XCBuildConfiguration;
			buildSettings = {
				ASSETCATALOG_COMPILER_APPICON_NAME = AppIcon;
				CODE_SIGN_STYLE = Automatic;
				DEVELOPMENT_TEAM = 98W524S443;
				INFOPLIST_FILE = test_03/Info.plist;
				LD_RUNPATH_SEARCH_PATHS = (
					"$(inherited)",
					"@executable_path/Frameworks",
				);
				PRODUCT_BUNDLE_IDENTIFIER = "rui.test-03";
				PRODUCT_NAME = "$(TARGET_NAME)";
				TARGETED_DEVICE_FAMILY = "1,2";
			};
			name = Release;
		};
/* End XCBuildConfiguration section */

/* Begin XCConfigurationList section */
		F850E2D7219971CD00DFBC6F /* Build configuration list for PBXProject "test_03" */ = {
			isa = XCConfigurationList;
			buildConfigurations = (
				F850E2F3219971CE00DFBC6F /* Debug */,
				F850E2F4219971CE00DFBC6F /* Release */,
			);
			defaultConfigurationIsVisible = 0;
			defaultConfigurationName = Release;
		};
		F850E2F5219971CE00DFBC6F /* Build configuration list for PBXNativeTarget "test_03" */ = {
			isa = XCConfigurationList;
			buildConfigurations = (
				F850E2F6219971CE00DFBC6F /* Debug */,
				F850E2F7219971CE00DFBC6F /* Release */,
			);
			defaultConfigurationIsVisible = 0;
			defaultConfigurationName = Release;
		};
/* End XCConfigurationList section */

/* Begin XCVersionGroup section */
		F850E2E8219971CD00DFBC6F /* test_03.xcdatamodeld */ = {
			isa = XCVersionGroup;
			children = (
				F850E2E9219971CD00DFBC6F /* test_03.xcdatamodel */,
			);
			currentVersion = F850E2E9219971CD00DFBC6F /* test_03.xcdatamodel */;
			path = test_03.xcdatamodeld;
			sourceTree = "<group>";
			versionGroupType = wrapper.xcdatamodel;
		};
/* End XCVersionGroup section */
	};
	rootObject = F850E2D4219971CD00DFBC6F /* Project object */;
}
